// !$*UTF8*$!
{
	archiveVersion = 1;
	classes = {
	};
	objectVersion = 46;
	objects = {

/* Begin PBXBuildFile section */
		2371A0EC1DB0C13700D3CE00 /* ViewController.swift in Sources */ = {isa = PBXBuildFile; fileRef = 2371A0EB1DB0C13700D3CE00 /* ViewController.swift */; };
		2371A0EF1DB0C13700D3CE00 /* Main.storyboard in Resources */ = {isa = PBXBuildFile; fileRef = 2371A0ED1DB0C13700D3CE00 /* Main.storyboard */; };
		2371A0F21DB0C13700D3CE00 /* CoreTodoList.xcdatamodeld in Sources */ = {isa = PBXBuildFile; fileRef = 2371A0F01DB0C13700D3CE00 /* CoreTodoList.xcdatamodeld */; };
		2371A0F41DB0C13700D3CE00 /* Assets.xcassets in Resources */ = {isa = PBXBuildFile; fileRef = 2371A0F31DB0C13700D3CE00 /* Assets.xcassets */; };
		2371A0F71DB0C13700D3CE00 /* LaunchScreen.storyboard in Resources */ = {isa = PBXBuildFile; fileRef = 2371A0F51DB0C13700D3CE00 /* LaunchScreen.storyboard */; };
		2371A0FF1DB0C21500D3CE00 /* AddTaskViewController.swift in Sources */ = {isa = PBXBuildFile; fileRef = 2371A0FE1DB0C21500D3CE00 /* AddTaskViewController.swift */; };
		23C4EC971DB0CB73006E52B8 /* AppDelegate.swift in Sources */ = {isa = PBXBuildFile; fileRef = 2371A0E91DB0C13700D3CE00 /* AppDelegate.swift */; };
/* End PBXBuildFile section */

/* Begin PBXFileReference section */
		2371A0E61DB0C13700D3CE00 /* CoreTodoList.app */ = {isa = PBXFileReference; explicitFileType = wrapper.application; includeInIndex = 0; path = CoreTodoList.app; sourceTree = BUILT_PRODUCTS_DIR; };
		2371A0E91DB0C13700D3CE00 /* AppDelegate.swift */ = {isa = PBXFileReference; lastKnownFileType = sourcecode.swift; path = AppDelegate.swift; sourceTree = "<group>"; };
		2371A0EB1DB0C13700D3CE00 /* ViewController.swift */ = {isa = PBXFileReference; lastKnownFileType = sourcecode.swift; path = ViewController.swift; sourceTree = "<group>"; };
		2371A0EE1DB0C13700D3CE00 /* Base */ = {isa = PBXFileReference; lastKnownFileType = file.storyboard; name = Base; path = Base.lproj/Main.storyboard; sourceTree = "<group>"; };
		2371A0F11DB0C13700D3CE00 /* CoreTodoList.xcdatamodel */ = {isa = PBXFileReference; lastKnownFileType = wrapper.xcdatamodel; path = CoreTodoList.xcdatamodel; sourceTree = "<group>"; };
		2371A0F31DB0C13700D3CE00 /* Assets.xcassets */ = {isa = PBXFileReference; lastKnownFileType = folder.assetcatalog; path = Assets.xcassets; sourceTree = "<group>"; };
		2371A0F61DB0C13700D3CE00 /* Base */ = {isa = PBXFileReference; lastKnownFileType = file.storyboard; name = Base; path = Base.lproj/LaunchScreen.storyboard; sourceTree = "<group>"; };
		2371A0F81DB0C13700D3CE00 /* Info.plist */ = {isa = PBXFileReference; lastKnownFileType = text.plist.xml; path = Info.plist; sourceTree = "<group>"; };
		2371A0FE1DB0C21500D3CE00 /* AddTaskViewController.swift */ = {isa = PBXFileReference; fileEncoding = 4; lastKnownFileType = sourcecode.swift; path = AddTaskViewController.swift; sourceTree = "<group>"; };
/* End PBXFileReference section */

/* Begin PBXFrameworksBuildPhase section */
		2371A0E31DB0C13700D3CE00 /* Frameworks */ = {
			isa = PBXFrameworksBuildPhase;
			buildActionMask = 2147483647;
			files = (
			);
			runOnlyForDeploymentPostprocessing = 0;
		};
/* End PBXFrameworksBuildPhase section */

/* Begin PBXGroup section */
		2371A0DD1DB0C13700D3CE00 = {
			isa = PBXGroup;
			children = (
				2371A0E81DB0C13700D3CE00 /* CoreTodoList */,
				2371A0E71DB0C13700D3CE00 /* Products */,
			);
			sourceTree = "<group>";
		};
		2371A0E71DB0C13700D3CE00 /* Products */ = {
			isa = PBXGroup;
			children = (
				2371A0E61DB0C13700D3CE00 /* CoreTodoList.app */,
			);
			name = Products;
			sourceTree = "<group>";
		};
		2371A0E81DB0C13700D3CE00 /* CoreTodoList */ = {
			isa = PBXGroup;
			children = (
				2371A0E91DB0C13700D3CE00 /* AppDelegate.swift */,
				2371A0EB1DB0C13700D3CE00 /* ViewController.swift */,
				2371A0ED1DB0C13700D3CE00 /* Main.storyboard */,
				2371A0FE1DB0C21500D3CE00 /* AddTaskViewController.swift */,
				2371A0F31DB0C13700D3CE00 /* Assets.xcassets */,
				2371A0F51DB0C13700D3CE00 /* LaunchScreen.storyboard */,
				2371A0F81DB0C13700D3CE00 /* Info.plist */,
				2371A0F01DB0C13700D3CE00 /* CoreTodoList.xcdatamodeld */,
			);
			path = CoreTodoList;
			sourceTree = "<group>";
		};
/* End PBXGroup section */

/* Begin PBXNativeTarget section */
		2371A0E51DB0C13700D3CE00 /* CoreTodoList */ = {
			isa = PBXNativeTarget;
			buildConfigurationList = 2371A0FB1DB0C13700D3CE00 /* Build configuration list for PBXNativeTarget "CoreTodoList" */;
			buildPhases = (
				2371A0E21DB0C13700D3CE00 /* Sources */,
				2371A0E31DB0C13700D3CE00 /* Frameworks */,
				2371A0E41DB0C13700D3CE00 /* Resources */,
			);
			buildRules = (
			);
			dependencies = (
			);
			name = CoreTodoList;
			productName = CoreTodoList;
			productReference = 2371A0E61DB0C13700D3CE00 /* CoreTodoList.app */;
			productType = "com.apple.product-type.application";
		};
/* End PBXNativeTarget section */

/* Begin PBXProject section */
		2371A0DE1DB0C13700D3CE00 /* Project object */ = {
			isa = PBXProject;
			attributes = {
				LastSwiftUpdateCheck = 0800;
				LastUpgradeCheck = 0800;
				ORGANIZATIONNAME = "Praveen Samuel . J";
				TargetAttributes = {
					2371A0E51DB0C13700D3CE00 = {
						CreatedOnToolsVersion = 8.0;
						DevelopmentTeam = Y38KMETXDB;
						ProvisioningStyle = Automatic;
					};
				};
			};
			buildConfigurationList = 2371A0E11DB0C13700D3CE00 /* Build configuration list for PBXProject "CoreTodoList" */;
			compatibilityVersion = "Xcode 3.2";
			developmentRegion = English;
			hasScannedForEncodings = 0;
			knownRegions = (
				en,
				Base,
			);
			mainGroup = 2371A0DD1DB0C13700D3CE00;
			productRefGroup = 2371A0E71DB0C13700D3CE00 /* Products */;
			projectDirPath = "";
			projectRoot = "";
			targets = (
				2371A0E51DB0C13700D3CE00 /* CoreTodoList */,
			);
		};
/* End PBXProject section */

/* Begin PBXResourcesBuildPhase section */
		2371A0E41DB0C13700D3CE00 /* Resources */ = {
			isa = PBXResourcesBuildPhase;
			buildActionMask = 2147483647;
			files = (
				2371A0F71DB0C13700D3CE00 /* LaunchScreen.storyboard in Resources */,
				2371A0F41DB0C13700D3CE00 /* Assets.xcassets in Resources */,
				2371A0EF1DB0C13700D3CE00 /* Main.storyboard in Resources */,
			);
			runOnlyForDeploymentPostprocessing = 0;
		};
/* End PBXResourcesBuildPhase section */

/* Begin PBXSourcesBuildPhase section */
		2371A0E21DB0C13700D3CE00 /* Sources */ = {
			isa = PBXSourcesBuildPhase;
			buildActionMask = 2147483647;
			files = (
				23C4EC971DB0CB73006E52B8 /* AppDelegate.swift in Sources */,
				2371A0F21DB0C13700D3CE00 /* CoreTodoList.xcdatamodeld in Sources */,
				2371A0FF1DB0C21500D3CE00 /* AddTaskViewController.swift in Sources */,
				2371A0EC1DB0C13700D3CE00 /* ViewController.swift in Sources */,
			);
			runOnlyForDeploymentPostprocessing = 0;
		};
/* End PBXSourcesBuildPhase section */

/* Begin PBXVariantGroup section */
		2371A0ED1DB0C13700D3CE00 /* Main.storyboard */ = {
			isa = PBXVariantGroup;
			children = (
				2371A0EE1DB0C13700D3CE00 /* Base */,
			);
			name = Main.storyboard;
			sourceTree = "<group>";
		};
		2371A0F51DB0C13700D3CE00 /* LaunchScreen.storyboard */ = {
			isa = PBXVariantGroup;
			children = (
				2371A0F61DB0C13700D3CE00 /* Base */,
			);
			name = LaunchScreen.storyboard;
			sourceTree = "<group>";
		};
/* End PBXVariantGroup section */

/* Begin XCBuildConfiguration section */
		2371A0F91DB0C13700D3CE00 /* Debug */ = {
			isa = XCBuildConfiguration;
			buildSettings = {
				ALWAYS_SEARCH_USER_PATHS = NO;
				CLANG_ANALYZER_NONNULL = YES;
				CLANG_CXX_LANGUAGE_STANDARD = "gnu++0x";
				CLANG_CXX_LIBRARY = "libc++";
				CLANG_ENABLE_MODULES = YES;
				CLANG_ENABLE_OBJC_ARC = YES;
				CLANG_WARN_BOOL_CONVERSION = YES;
				CLANG_WARN_CONSTANT_CONVERSION = YES;
				CLANG_WARN_DIRECT_OBJC_ISA_USAGE = YES_ERROR;
				CLANG_WARN_DOCUMENTATION_COMMENTS = YES;
				CLANG_WARN_EMPTY_BODY = YES;
				CLANG_WARN_ENUM_CONVERSION = YES;
				CLANG_WARN_INFINITE_RECURSION = YES;
				CLANG_WARN_INT_CONVERSION = YES;
				CLANG_WARN_OBJC_ROOT_CLASS = YES_ERROR;
				CLANG_WARN_SUSPICIOUS_MOVES = YES;
				CLANG_WARN_UNREACHABLE_CODE = YES;
				CLANG_WARN__DUPLICATE_METHOD_MATCH = YES;
				"CODE_SIGN_IDENTITY[sdk=iphoneos*]" = "iPhone Developer";
				COPY_PHASE_STRIP = NO;
				DEBUG_INFORMATION_FORMAT = dwarf;
				ENABLE_STRICT_OBJC_MSGSEND = YES;
				ENABLE_TESTABILITY = YES;
				GCC_C_LANGUAGE_STANDARD = gnu99;
				GCC_DYNAMIC_NO_PIC = NO;
				GCC_NO_COMMON_BLOCKS = YES;
				GCC_OPTIMIZATION_LEVEL = 0;
				GCC_PREPROCESSOR_DEFINITIONS = (
					"DEBUG=1",
					"$(inherited)",
				);
				GCC_WARN_64_TO_32_BIT_CONVERSION = YES;
				GCC_WARN_ABOUT_RETURN_TYPE = YES_ERROR;
				GCC_WARN_UNDECLARED_SELECTOR = YES;
				GCC_WARN_UNINITIALIZED_AUTOS = YES_AGGRESSIVE;
				GCC_WARN_UNUSED_FUNCTION = YES;
				GCC_WARN_UNUSED_VARIABLE = YES;
				IPHONEOS_DEPLOYMENT_TARGET = 10.0;
				MTL_ENABLE_DEBUG_INFO = YES;
				ONLY_ACTIVE_ARCH = YES;
				SDKROOT = iphoneos;
				SWIFT_ACTIVE_COMPILATION_CONDITIONS = DEBUG;
				SWIFT_OPTIMIZATION_LEVEL = "-Onone";
			};
			name = Debug;
		};
		2371A0FA1DB0C13700D3CE00 /* Release */ = {
			isa = XCBuildConfiguration;
			buildSettings = {
				ALWAYS_SEARCH_USER_PATHS = NO;
				CLANG_ANALYZER_NONNULL = YES;
				CLANG_CXX_LANGUAGE_STANDARD = "gnu++0x";
				CLANG_CXX_LIBRARY = "libc++";
				CLANG_ENABLE_MODULES = YES;
				CLANG_ENABLE_OBJC_ARC = YES;
				CLANG_WARN_BOOL_CONVERSION = YES;
				CLANG_WARN_CONSTANT_CONVERSION = YES;
				CLANG_WARN_DIRECT_OBJC_ISA_USAGE = YES_ERROR;
				CLANG_WARN_DOCUMENTATION_COMMENTS = YES;
				CLANG_WARN_EMPTY_BODY = YES;
				CLANG_WARN_ENUM_CONVERSION = YES;
				CLANG_WARN_INFINITE_RECURSION = YES;
				CLANG_WARN_INT_CONVERSION = YES;
				CLANG_WARN_OBJC_ROOT_CLASS = YES_ERROR;
				CLANG_WARN_SUSPICIOUS_MOVES = YES;
				CLANG_WARN_UNREACHABLE_CODE = YES;
				CLANG_WARN__DUPLICATE_METHOD_MATCH = YES;
				"CODE_SIGN_IDENTITY[sdk=iphoneos*]" = "iPhone Developer";
				COPY_PHASE_STRIP = NO;
				DEBUG_INFORMATION_FORMAT = "dwarf-with-dsym";
				ENABLE_NS_ASSERTIONS = NO;
				ENABLE_STRICT_OBJC_MSGSEND = YES;
				GCC_C_LANGUAGE_STANDARD = gnu99;
				GCC_NO_COMMON_BLOCKS = YES;
				GCC_WARN_64_TO_32_BIT_CONVERSION = YES;
				GCC_WARN_ABOUT_RETURN_TYPE = YES_ERROR;
				GCC_WARN_UNDECLARED_SELECTOR = YES;
				GCC_WARN_UNINITIALIZED_AUTOS = YES_AGGRESSIVE;
				GCC_WARN_UNUSED_FUNCTION = YES;
				GCC_WARN_UNUSED_VARIABLE = YES;
				IPHONEOS_DEPLOYMENT_TARGET = 10.0;
				MTL_ENABLE_DEBUG_INFO = NO;
				SDKROOT = iphoneos;
				SWIFT_OPTIMIZATION_LEVEL = "-Owholemodule";
				VALIDATE_PRODUCT = YES;
			};
			name = Release;
		};
		2371A0FC1DB0C13700D3CE00 /* Debug */ = {
			isa = XCBuildConfiguration;
			buildSettings = {
				ASSETCATALOG_COMPILER_APPICON_NAME = AppIcon;
				DEVELOPMENT_TEAM = Y38KMETXDB;
				INFOPLIST_FILE = CoreTodoList/Info.plist;
				LD_RUNPATH_SEARCH_PATHS = "$(inherited) @executable_path/Frameworks";
				PRODUCT_BUNDLE_IDENTIFIER = com.praveensamuel.CoreTodoList;
				PRODUCT_NAME = "$(TARGET_NAME)";
				SWIFT_VERSION = 3.0;
			};
			name = Debug;
		};
		2371A0FD1DB0C13700D3CE00 /* Release */ = {
			isa = XCBuildConfiguration;
			buildSettings = {
				ASSETCATALOG_COMPILER_APPICON_NAME = AppIcon;
				DEVELOPMENT_TEAM = Y38KMETXDB;
				INFOPLIST_FILE = CoreTodoList/Info.plist;
				LD_RUNPATH_SEARCH_PATHS = "$(inherited) @executable_path/Frameworks";
				PRODUCT_BUNDLE_IDENTIFIER = com.praveensamuel.CoreTodoList;
				PRODUCT_NAME = "$(TARGET_NAME)";
				SWIFT_VERSION = 3.0;
			};
			name = Release;
		};
/* End XCBuildConfiguration section */

/* Begin XCConfigurationList section */
		2371A0E11DB0C13700D3CE00 /* Build configuration list for PBXProject "CoreTodoList" */ = {
			isa = XCConfigurationList;
			buildConfigurations = (
				2371A0F91DB0C13700D3CE00 /* Debug */,
				2371A0FA1DB0C13700D3CE00 /* Release */,
			);
			defaultConfigurationIsVisible = 0;
			defaultConfigurationName = Release;
		};
		2371A0FB1DB0C13700D3CE00 /* Build configuration list for PBXNativeTarget "CoreTodoList" */ = {
			isa = XCConfigurationList;
			buildConfigurations = (
				2371A0FC1DB0C13700D3CE00 /* Debug */,
				2371A0FD1DB0C13700D3CE00 /* Release */,
			);
			defaultConfigurationIsVisible = 0;
			defaultConfigurationName = Release;
		};
/* End XCConfigurationList section */

/* Begin XCVersionGroup section */
		2371A0F01DB0C13700D3CE00 /* CoreTodoList.xcdatamodeld */ = {
			isa = XCVersionGroup;
			children = (
				2371A0F11DB0C13700D3CE00 /* CoreTodoList.xcdatamodel */,
			);
			currentVersion = 2371A0F11DB0C13700D3CE00 /* CoreTodoList.xcdatamodel */;
			path = CoreTodoList.xcdatamodeld;
			sourceTree = "<group>";
			versionGroupType = wrapper.xcdatamodel;
		};
/* End XCVersionGroup section */
	};
	rootObject = 2371A0DE1DB0C13700D3CE00 /* Project object */;
}
